
Microsoft Visual Studio Solution File, Format Version 12.00
# Visual Studio Version 17
VisualStudioVersion = 17.0.31903.59
MinimumVisualStudioVersion = 10.0.40219.1
Project("{FAE04EC0-301F-11D3-BF4B-00C04F79EFBC}") = "RecoveryCommander", "RecoveryCommander.csproj", "{33427DFC-4E5B-40F7-A798-DE4FFFF7CBCF}"
EndProject
Project("{2150E333-8FDC-42A3-9474-1A3956D46DE8}") = "Module", "Module", "{8B5F1146-71F5-B789-E571-DCFF4CD75A63}"
EndProject
Project("{FAE04EC0-301F-11D3-BF4B-00C04F79EFBC}") = "SystemPrepModule", "Module\SystemPrepModule\SystemPrepModule.csproj", "{E84A0CAF-704E-45D4-BF5B-57FDC2CE26C1}"
EndProject
Project("{FAE04EC0-301F-11D3-BF4B-00C04F79EFBC}") = "DismModule", "Module\DismModule\DismModule.csproj", "{5B71BBFC-FDC9-4D2D-8E76-C79EE9A69CB5}"
EndProject
Project("{FAE04EC0-301F-11D3-BF4B-00C04F79EFBC}") = "SFCModule", "Module\SFCModule\SFCModule.csproj", "{9445E20E-FDB7-4D11-BF33-D2173FB792E9}"
EndProject
Project("{FAE04EC0-301F-11D3-BF4B-00C04F79EFBC}") = "ReagentcModule", "Module\ReagentcModule\ReagentcModule.csproj", "{A55344A9-C665-4BE5-86CC-C7EC4861C717}"
EndProject
Project("{FAE04EC0-301F-11D3-BF4B-00C04F79EFBC}") = "UtilitiesModule", "Module\UtilitiesModule\UtilitiesModule.csproj", "{CEBE46EC-4678-41E9-BF0F-8E15569DC920}"
EndProject
Project("{FAE04EC0-301F-11D3-BF4B-00C04F79EFBC}") = "MalwareRemovalModule", "Module\MalwareRemovalModule\MalwareRemovalModule.csproj", "{8B43311D-2665-47D3-BEF1-8151BD847A2E}"
EndProject
Project("{FAE04EC0-301F-11D3-BF4B-00C04F79EFBC}") = "RecoveryCommander.Contracts", "RecoveryCommander.Contracts\RecoveryCommander.Contracts.csproj", "{95292A27-F9D5-4EDF-ABBE-7D37DC386813}"
EndProject
Project("{2150E333-8FDC-42A3-9474-1A3956D46DE8}") = "Core", "Core", "{FBF56CC3-7AE6-AD2D-3F14-7F97FD322CD6}"
EndProject
Project("{FAE04EC0-301F-11D3-BF4B-00C04F79EFBC}") = "RecoveryCommander.Core", "Core\RecoveryCommander.Core.csproj", "{297B33CD-563A-4261-9256-9CDC6D83EEAC}"
EndProject
Global
	GlobalSection(SolutionConfigurationPlatforms) = preSolution
		Debug|Any CPU = Debug|Any CPU
		Debug|x64 = Debug|x64
		Debug|x86 = Debug|x86
		Release|Any CPU = Release|Any CPU
		Release|x64 = Release|x64
		Release|x86 = Release|x86
	EndGlobalSection
	GlobalSection(ProjectConfigurationPlatforms) = postSolution
		{33427DFC-4E5B-40F7-A798-DE4FFFF7CBCF}.Debug|Any CPU.ActiveCfg = Debug|Any CPU
		{33427DFC-4E5B-40F7-A798-DE4FFFF7CBCF}.Debug|Any CPU.Build.0 = Debug|Any CPU
		{33427DFC-4E5B-40F7-A798-DE4FFFF7CBCF}.Debug|x64.ActiveCfg = Debug|Any CPU
		{33427DFC-4E5B-40F7-A798-DE4FFFF7CBCF}.Debug|x64.Build.0 = Debug|Any CPU
		{33427DFC-4E5B-40F7-A798-DE4FFFF7CBCF}.Debug|x86.ActiveCfg = Debug|Any CPU
		{33427DFC-4E5B-40F7-A798-DE4FFFF7CBCF}.Debug|x86.Build.0 = Debug|Any CPU
		{33427DFC-4E5B-40F7-A798-DE4FFFF7CBCF}.Release|Any CPU.ActiveCfg = Release|Any CPU
		{33427DFC-4E5B-40F7-A798-DE4FFFF7CBCF}.Release|Any CPU.Build.0 = Release|Any CPU
		{33427DFC-4E5B-40F7-A798-DE4FFFF7CBCF}.Release|x64.ActiveCfg = Release|Any CPU
		{33427DFC-4E5B-40F7-A798-DE4FFFF7CBCF}.Release|x64.Build.0 = Release|Any CPU
		{33427DFC-4E5B-40F7-A798-DE4FFFF7CBCF}.Release|x86.ActiveCfg = Release|Any CPU
		{33427DFC-4E5B-40F7-A798-DE4FFFF7CBCF}.Release|x86.Build.0 = Release|Any CPU
		{E84A0CAF-704E-45D4-BF5B-57FDC2CE26C1}.Debug|Any CPU.ActiveCfg = Debug|Any CPU
		{E84A0CAF-704E-45D4-BF5B-57FDC2CE26C1}.Debug|Any CPU.Build.0 = Debug|Any CPU
		{E84A0CAF-704E-45D4-BF5B-57FDC2CE26C1}.Debug|x64.ActiveCfg = Debug|Any CPU
		{E84A0CAF-704E-45D4-BF5B-57FDC2CE26C1}.Debug|x64.Build.0 = Debug|Any CPU
		{E84A0CAF-704E-45D4-BF5B-57FDC2CE26C1}.Debug|x86.ActiveCfg = Debug|Any CPU
		{E84A0CAF-704E-45D4-BF5B-57FDC2CE26C1}.Debug|x86.Build.0 = Debug|Any CPU
		{E84A0CAF-704E-45D4-BF5B-57FDC2CE26C1}.Release|Any CPU.ActiveCfg = Release|Any CPU
		{E84A0CAF-704E-45D4-BF5B-57FDC2CE26C1}.Release|Any CPU.Build.0 = Release|Any CPU
		{E84A0CAF-704E-45D4-BF5B-57FDC2CE26C1}.Release|x64.ActiveCfg = Release|Any CPU
		{E84A0CAF-704E-45D4-BF5B-57FDC2CE26C1}.Release|x64.Build.0 = Release|Any CPU
		{E84A0CAF-704E-45D4-BF5B-57FDC2CE26C1}.Release|x86.ActiveCfg = Release|Any CPU
		{E84A0CAF-704E-45D4-BF5B-57FDC2CE26C1}.Release|x86.Build.0 = Release|Any CPU
		{5B71BBFC-FDC9-4D2D-8E76-C79EE9A69CB5}.Debug|Any CPU.ActiveCfg = Debug|Any CPU
		{5B71BBFC-FDC9-4D2D-8E76-C79EE9A69CB5}.Debug|Any CPU.Build.0 = Debug|Any CPU
		{5B71BBFC-FDC9-4D2D-8E76-C79EE9A69CB5}.Debug|x64.ActiveCfg = Debug|Any CPU
		{5B71BBFC-FDC9-4D2D-8E76-C79EE9A69CB5}.Debug|x64.Build.0 = Debug|Any CPU
		{5B71BBFC-FDC9-4D2D-8E76-C79EE9A69CB5}.Debug|x86.ActiveCfg = Debug|Any CPU
		{5B71BBFC-FDC9-4D2D-8E76-C79EE9A69CB5}.Debug|x86.Build.0 = Debug|Any CPU
		{5B71BBFC-FDC9-4D2D-8E76-C79EE9A69CB5}.Release|Any CPU.ActiveCfg = Release|Any CPU
		{5B71BBFC-FDC9-4D2D-8E76-C79EE9A69CB5}.Release|Any CPU.Build.0 = Release|Any CPU
		{5B71BBFC-FDC9-4D2D-8E76-C79EE9A69CB5}.Release|x64.ActiveCfg = Release|Any CPU
		{5B71BBFC-FDC9-4D2D-8E76-C79EE9A69CB5}.Release|x64.Build.0 = Release|Any CPU
		{5B71BBFC-FDC9-4D2D-8E76-C79EE9A69CB5}.Release|x86.ActiveCfg = Release|Any CPU
		{5B71BBFC-FDC9-4D2D-8E76-C79EE9A69CB5}.Release|x86.Build.0 = Release|Any CPU
		{9445E20E-FDB7-4D11-BF33-D2173FB792E9}.Debug|Any CPU.ActiveCfg = Debug|Any CPU
		{9445E20E-FDB7-4D11-BF33-D2173FB792E9}.Debug|Any CPU.Build.0 = Debug|Any CPU
		{9445E20E-FDB7-4D11-BF33-D2173FB792E9}.Debug|x64.ActiveCfg = Debug|Any CPU
		{9445E20E-FDB7-4D11-BF33-D2173FB792E9}.Debug|x64.Build.0 = Debug|Any CPU
		{9445E20E-FDB7-4D11-BF33-D2173FB792E9}.Debug|x86.ActiveCfg = Debug|Any CPU
		{9445E20E-FDB7-4D11-BF33-D2173FB792E9}.Debug|x86.Build.0 = Debug|Any CPU
		{9445E20E-FDB7-4D11-BF33-D2173FB792E9}.Release|Any CPU.ActiveCfg = Release|Any CPU
		{9445E20E-FDB7-4D11-BF33-D2173FB792E9}.Release|Any CPU.Build.0 = Release|Any CPU
		{9445E20E-FDB7-4D11-BF33-D2173FB792E9}.Release|x64.ActiveCfg = Release|Any CPU
		{9445E20E-FDB7-4D11-BF33-D2173FB792E9}.Release|x64.Build.0 = Release|Any CPU
		{9445E20E-FDB7-4D11-BF33-D2173FB792E9}.Release|x86.ActiveCfg = Release|Any CPU
		{9445E20E-FDB7-4D11-BF33-D2173FB792E9}.Release|x86.Build.0 = Release|Any CPU
		{A55344A9-C665-4BE5-86CC-C7EC4861C717}.Debug|Any CPU.ActiveCfg = Debug|Any CPU
		{A55344A9-C665-4BE5-86CC-C7EC4861C717}.Debug|Any CPU.Build.0 = Debug|Any CPU
		{A55344A9-C665-4BE5-86CC-C7EC4861C717}.Debug|x64.ActiveCfg = Debug|Any CPU
		{A55344A9-C665-4BE5-86CC-C7EC4861C717}.Debug|x64.Build.0 = Debug|Any CPU
		{A55344A9-C665-4BE5-86CC-C7EC4861C717}.Debug|x86.ActiveCfg = Debug|Any CPU
		{A55344A9-C665-4BE5-86CC-C7EC4861C717}.Debug|x86.Build.0 = Debug|Any CPU
		{A55344A9-C665-4BE5-86CC-C7EC4861C717}.Release|Any CPU.ActiveCfg = Release|Any CPU
		{A55344A9-C665-4BE5-86CC-C7EC4861C717}.Release|Any CPU.Build.0 = Release|Any CPU
		{A55344A9-C665-4BE5-86CC-C7EC4861C717}.Release|x64.ActiveCfg = Release|Any CPU
		{A55344A9-C665-4BE5-86CC-C7EC4861C717}.Release|x64.Build.0 = Release|Any CPU
		{A55344A9-C665-4BE5-86CC-C7EC4861C717}.Release|x86.ActiveCfg = Release|Any CPU
		{A55344A9-C665-4BE5-86CC-C7EC4861C717}.Release|x86.Build.0 = Release|Any CPU
		{CEBE46EC-4678-41E9-BF0F-8E15569DC920}.Debug|Any CPU.ActiveCfg = Debug|Any CPU
		{CEBE46EC-4678-41E9-BF0F-8E15569DC920}.Debug|Any CPU.Build.0 = Debug|Any CPU
		{CEBE46EC-4678-41E9-BF0F-8E15569DC920}.Debug|x64.ActiveCfg = Debug|Any CPU
		{CEBE46EC-4678-41E9-BF0F-8E15569DC920}.Debug|x64.Build.0 = Debug|Any CPU
		{CEBE46EC-4678-41E9-BF0F-8E15569DC920}.Debug|x86.ActiveCfg = Debug|Any CPU
		{CEBE46EC-4678-41E9-BF0F-8E15569DC920}.Debug|x86.Build.0 = Debug|Any CPU
		{CEBE46EC-4678-41E9-BF0F-8E15569DC920}.Release|Any CPU.ActiveCfg = Release|Any CPU
		{CEBE46EC-4678-41E9-BF0F-8E15569DC920}.Release|Any CPU.Build.0 = Release|Any CPU
		{CEBE46EC-4678-41E9-BF0F-8E15569DC920}.Release|x64.ActiveCfg = Release|Any CPU
		{CEBE46EC-4678-41E9-BF0F-8E15569DC920}.Release|x64.Build.0 = Release|Any CPU
		{CEBE46EC-4678-41E9-BF0F-8E15569DC920}.Release|x86.ActiveCfg = Release|Any CPU
		{CEBE46EC-4678-41E9-BF0F-8E15569DC920}.Release|x86.Build.0 = Release|Any CPU
		{8B43311D-2665-47D3-BEF1-8151BD847A2E}.Debug|Any CPU.ActiveCfg = Debug|Any CPU
		{8B43311D-2665-47D3-BEF1-8151BD847A2E}.Debug|Any CPU.Build.0 = Debug|Any CPU
		{8B43311D-2665-47D3-BEF1-8151BD847A2E}.Debug|x64.ActiveCfg = Debug|Any CPU
		{8B43311D-2665-47D3-BEF1-8151BD847A2E}.Debug|x64.Build.0 = Debug|Any CPU
		{8B43311D-2665-47D3-BEF1-8151BD847A2E}.Debug|x86.ActiveCfg = Debug|Any CPU
		{8B43311D-2665-47D3-BEF1-8151BD847A2E}.Debug|x86.Build.0 = Debug|Any CPU
		{8B43311D-2665-47D3-BEF1-8151BD847A2E}.Release|Any CPU.ActiveCfg = Release|Any CPU
		{8B43311D-2665-47D3-BEF1-8151BD847A2E}.Release|Any CPU.Build.0 = Release|Any CPU
		{8B43311D-2665-47D3-BEF1-8151BD847A2E}.Release|x64.ActiveCfg = Release|Any CPU
		{8B43311D-2665-47D3-BEF1-8151BD847A2E}.Release|x64.Build.0 = Release|Any CPU
		{8B43311D-2665-47D3-BEF1-8151BD847A2E}.Release|x86.ActiveCfg = Release|Any CPU
		{8B43311D-2665-47D3-BEF1-8151BD847A2E}.Release|x86.Build.0 = Release|Any CPU
		{95292A27-F9D5-4EDF-ABBE-7D37DC386813}.Debug|Any CPU.ActiveCfg = Debug|Any CPU
		{95292A27-F9D5-4EDF-ABBE-7D37DC386813}.Debug|Any CPU.Build.0 = Debug|Any CPU
		{95292A27-F9D5-4EDF-ABBE-7D37DC386813}.Debug|x64.ActiveCfg = Debug|Any CPU
		{95292A27-F9D5-4EDF-ABBE-7D37DC386813}.Debug|x64.Build.0 = Debug|Any CPU
		{95292A27-F9D5-4EDF-ABBE-7D37DC386813}.Debug|x86.ActiveCfg = Debug|Any CPU
		{95292A27-F9D5-4EDF-ABBE-7D37DC386813}.Debug|x86.Build.0 = Debug|Any CPU
		{95292A27-F9D5-4EDF-ABBE-7D37DC386813}.Release|Any CPU.ActiveCfg = Release|Any CPU
		{95292A27-F9D5-4EDF-ABBE-7D37DC386813}.Release|Any CPU.Build.0 = Release|Any CPU
		{95292A27-F9D5-4EDF-ABBE-7D37DC386813}.Release|x64.ActiveCfg = Release|Any CPU
		{95292A27-F9D5-4EDF-ABBE-7D37DC386813}.Release|x64.Build.0 = Release|Any CPU
		{95292A27-F9D5-4EDF-ABBE-7D37DC386813}.Release|x86.ActiveCfg = Release|Any CPU
		{95292A27-F9D5-4EDF-ABBE-7D37DC386813}.Release|x86.Build.0 = Release|Any CPU
		{297B33CD-563A-4261-9256-9CDC6D83EEAC}.Debug|Any CPU.ActiveCfg = Debug|Any CPU
		{297B33CD-563A-4261-9256-9CDC6D83EEAC}.Debug|Any CPU.Build.0 = Debug|Any CPU
		{297B33CD-563A-4261-9256-9CDC6D83EEAC}.Debug|x64.ActiveCfg = Debug|Any CPU
		{297B33CD-563A-4261-9256-9CDC6D83EEAC}.Debug|x64.Build.0 = Debug|Any CPU
		{297B33CD-563A-4261-9256-9CDC6D83EEAC}.Debug|x86.ActiveCfg = Debug|Any CPU
		{297B33CD-563A-4261-9256-9CDC6D83EEAC}.Debug|x86.Build.0 = Debug|Any CPU
		{297B33CD-563A-4261-9256-9CDC6D83EEAC}.Release|Any CPU.ActiveCfg = Release|Any CPU
		{297B33CD-563A-4261-9256-9CDC6D83EEAC}.Release|Any CPU.Build.0 = Release|Any CPU
		{297B33CD-563A-4261-9256-9CDC6D83EEAC}.Release|x64.ActiveCfg = Release|Any CPU
		{297B33CD-563A-4261-9256-9CDC6D83EEAC}.Release|x64.Build.0 = Release|Any CPU
		{297B33CD-563A-4261-9256-9CDC6D83EEAC}.Release|x86.ActiveCfg = Release|Any CPU
		{297B33CD-563A-4261-9256-9CDC6D83EEAC}.Release|x86.Build.0 = Release|Any CPU
	EndGlobalSection
	GlobalSection(SolutionProperties) = preSolution
		HideSolutionNode = FALSE
	EndGlobalSection
	GlobalSection(NestedProjects) = preSolution
		{E84A0CAF-704E-45D4-BF5B-57FDC2CE26C1} = {8B5F1146-71F5-B789-E571-DCFF4CD75A63}
		{5B71BBFC-FDC9-4D2D-8E76-C79EE9A69CB5} = {8B5F1146-71F5-B789-E571-DCFF4CD75A63}
		{9445E20E-FDB7-4D11-BF33-D2173FB792E9} = {8B5F1146-71F5-B789-E571-DCFF4CD75A63}
		{A55344A9-C665-4BE5-86CC-C7EC4861C717} = {8B5F1146-71F5-B789-E571-DCFF4CD75A63}
		{CEBE46EC-4678-41E9-BF0F-8E15569DC920} = {8B5F1146-71F5-B789-E571-DCFF4CD75A63}
		{8B43311D-2665-47D3-BEF1-8151BD847A2E} = {8B5F1146-71F5-B789-E571-DCFF4CD75A63}
		{297B33CD-563A-4261-9256-9CDC6D83EEAC} = {FBF56CC3-7AE6-AD2D-3F14-7F97FD322CD6}
	EndGlobalSection
EndGlobal
